// !$*UTF8*$!
{
	archiveVersion = 1;
	classes = {
	};
	objectVersion = 50;
	objects = {

/* Begin PBXBuildFile section */
		B69E2FC522D528DA00F81B17 /* AppDelegate.m in Sources */ = {isa = PBXBuildFile; fileRef = B69E2FC422D528DA00F81B17 /* AppDelegate.m */; };
		B69E2FC822D528DA00F81B17 /* ViewController.m in Sources */ = {isa = PBXBuildFile; fileRef = B69E2FC722D528DA00F81B17 /* ViewController.m */; };
		B69E2FCB22D528DA00F81B17 /* Main.storyboard in Resources */ = {isa = PBXBuildFile; fileRef = B69E2FC922D528DA00F81B17 /* Main.storyboard */; };
		B69E2FCD22D528DA00F81B17 /* Assets.xcassets in Resources */ = {isa = PBXBuildFile; fileRef = B69E2FCC22D528DA00F81B17 /* Assets.xcassets */; };
		B69E2FD022D528DA00F81B17 /* LaunchScreen.storyboard in Resources */ = {isa = PBXBuildFile; fileRef = B69E2FCE22D528DA00F81B17 /* LaunchScreen.storyboard */; };
		B69E2FD322D528DA00F81B17 /* main.m in Sources */ = {isa = PBXBuildFile; fileRef = B69E2FD222D528DA00F81B17 /* main.m */; };
		B69E2FDD22D528DA00F81B17 /* instagram1Tests.m in Sources */ = {isa = PBXBuildFile; fileRef = B69E2FDC22D528DA00F81B17 /* instagram1Tests.m */; };
		B69E2FE822D528DA00F81B17 /* instagram1UITests.m in Sources */ = {isa = PBXBuildFile; fileRef = B69E2FE722D528DA00F81B17 /* instagram1UITests.m */; };
/* End PBXBuildFile section */

/* Begin PBXContainerItemProxy section */
		B69E2FD922D528DA00F81B17 /* PBXContainerItemProxy */ = {
			isa = PBXContainerItemProxy;
			containerPortal = B69E2FB822D528DA00F81B17 /* Project object */;
			proxyType = 1;
			remoteGlobalIDString = B69E2FBF22D528DA00F81B17;
			remoteInfo = instagram1;
		};
		B69E2FE422D528DA00F81B17 /* PBXContainerItemProxy */ = {
			isa = PBXContainerItemProxy;
			containerPortal = B69E2FB822D528DA00F81B17 /* Project object */;
			proxyType = 1;
			remoteGlobalIDString = B69E2FBF22D528DA00F81B17;
			remoteInfo = instagram1;
		};
/* End PBXContainerItemProxy section */

/* Begin PBXFileReference section */
		B69E2FC022D528DA00F81B17 /* instagram1.app */ = {isa = PBXFileReference; explicitFileType = wrapper.application; includeInIndex = 0; path = instagram1.app; sourceTree = BUILT_PRODUCTS_DIR; };
		B69E2FC322D528DA00F81B17 /* AppDelegate.h */ = {isa = PBXFileReference; lastKnownFileType = sourcecode.c.h; path = AppDelegate.h; sourceTree = "<group>"; };
		B69E2FC422D528DA00F81B17 /* AppDelegate.m */ = {isa = PBXFileReference; lastKnownFileType = sourcecode.c.objc; path = AppDelegate.m; sourceTree = "<group>"; };
		B69E2FC622D528DA00F81B17 /* ViewController.h */ = {isa = PBXFileReference; lastKnownFileType = sourcecode.c.h; path = ViewController.h; sourceTree = "<group>"; };
		B69E2FC722D528DA00F81B17 /* ViewController.m */ = {isa = PBXFileReference; lastKnownFileType = sourcecode.c.objc; path = ViewController.m; sourceTree = "<group>"; };
		B69E2FCA22D528DA00F81B17 /* Base */ = {isa = PBXFileReference; lastKnownFileType = file.storyboard; name = Base; path = Base.lproj/Main.storyboard; sourceTree = "<group>"; };
		B69E2FCC22D528DA00F81B17 /* Assets.xcassets */ = {isa = PBXFileReference; lastKnownFileType = folder.assetcatalog; path = Assets.xcassets; sourceTree = "<group>"; };
		B69E2FCF22D528DA00F81B17 /* Base */ = {isa = PBXFileReference; lastKnownFileType = file.storyboard; name = Base; path = Base.lproj/LaunchScreen.storyboard; sourceTree = "<group>"; };
		B69E2FD122D528DA00F81B17 /* Info.plist */ = {isa = PBXFileReference; lastKnownFileType = text.plist.xml; path = Info.plist; sourceTree = "<group>"; };
		B69E2FD222D528DA00F81B17 /* main.m */ = {isa = PBXFileReference; lastKnownFileType = sourcecode.c.objc; path = main.m; sourceTree = "<group>"; };
		B69E2FD822D528DA00F81B17 /* instagram1Tests.xctest */ = {isa = PBXFileReference; explicitFileType = wrapper.cfbundle; includeInIndex = 0; path = instagram1Tests.xctest; sourceTree = BUILT_PRODUCTS_DIR; };
		B69E2FDC22D528DA00F81B17 /* instagram1Tests.m */ = {isa = PBXFileReference; lastKnownFileType = sourcecode.c.objc; path = instagram1Tests.m; sourceTree = "<group>"; };
		B69E2FDE22D528DA00F81B17 /* Info.plist */ = {isa = PBXFileReference; lastKnownFileType = text.plist.xml; path = Info.plist; sourceTree = "<group>"; };
		B69E2FE322D528DA00F81B17 /* instagram1UITests.xctest */ = {isa = PBXFileReference; explicitFileType = wrapper.cfbundle; includeInIndex = 0; path = instagram1UITests.xctest; sourceTree = BUILT_PRODUCTS_DIR; };
		B69E2FE722D528DA00F81B17 /* instagram1UITests.m */ = {isa = PBXFileReference; lastKnownFileType = sourcecode.c.objc; path = instagram1UITests.m; sourceTree = "<group>"; };
		B69E2FE922D528DA00F81B17 /* Info.plist */ = {isa = PBXFileReference; lastKnownFileType = text.plist.xml; path = Info.plist; sourceTree = "<group>"; };
/* End PBXFileReference section */

/* Begin PBXFrameworksBuildPhase section */
		B69E2FBD22D528DA00F81B17 /* Frameworks */ = {
			isa = PBXFrameworksBuildPhase;
			buildActionMask = 2147483647;
			files = (
			);
			runOnlyForDeploymentPostprocessing = 0;
		};
		B69E2FD522D528DA00F81B17 /* Frameworks */ = {
			isa = PBXFrameworksBuildPhase;
			buildActionMask = 2147483647;
			files = (
			);
			runOnlyForDeploymentPostprocessing = 0;
		};
		B69E2FE022D528DA00F81B17 /* Frameworks */ = {
			isa = PBXFrameworksBuildPhase;
			buildActionMask = 2147483647;
			files = (
			);
			runOnlyForDeploymentPostprocessing = 0;
		};
/* End PBXFrameworksBuildPhase section */

/* Begin PBXGroup section */
		B69E2FB722D528DA00F81B17 = {
			isa = PBXGroup;
			children = (
				B69E2FC222D528DA00F81B17 /* instagram1 */,
				B69E2FDB22D528DA00F81B17 /* instagram1Tests */,
				B69E2FE622D528DA00F81B17 /* instagram1UITests */,
				B69E2FC122D528DA00F81B17 /* Products */,
			);
			sourceTree = "<group>";
		};
		B69E2FC122D528DA00F81B17 /* Products */ = {
			isa = PBXGroup;
			children = (
				B69E2FC022D528DA00F81B17 /* instagram1.app */,
				B69E2FD822D528DA00F81B17 /* instagram1Tests.xctest */,
				B69E2FE322D528DA00F81B17 /* instagram1UITests.xctest */,
			);
			name = Products;
			sourceTree = "<group>";
		};
		B69E2FC222D528DA00F81B17 /* instagram1 */ = {
			isa = PBXGroup;
			children = (
				B69E2FC322D528DA00F81B17 /* AppDelegate.h */,
				B69E2FC422D528DA00F81B17 /* AppDelegate.m */,
				B69E2FC622D528DA00F81B17 /* ViewController.h */,
				B69E2FC722D528DA00F81B17 /* ViewController.m */,
				B69E2FC922D528DA00F81B17 /* Main.storyboard */,
				B69E2FCC22D528DA00F81B17 /* Assets.xcassets */,
				B69E2FCE22D528DA00F81B17 /* LaunchScreen.storyboard */,
				B69E2FD122D528DA00F81B17 /* Info.plist */,
				B69E2FD222D528DA00F81B17 /* main.m */,
			);
			path = instagram1;
			sourceTree = "<group>";
		};
		B69E2FDB22D528DA00F81B17 /* instagram1Tests */ = {
			isa = PBXGroup;
			children = (
				B69E2FDC22D528DA00F81B17 /* instagram1Tests.m */,
				B69E2FDE22D528DA00F81B17 /* Info.plist */,
			);
			path = instagram1Tests;
			sourceTree = "<group>";
		};
		B69E2FE622D528DA00F81B17 /* instagram1UITests */ = {
			isa = PBXGroup;
			children = (
				B69E2FE722D528DA00F81B17 /* instagram1UITests.m */,
				B69E2FE922D528DA00F81B17 /* Info.plist */,
			);
			path = instagram1UITests;
			sourceTree = "<group>";
		};
/* End PBXGroup section */

/* Begin PBXNativeTarget section */
		B69E2FBF22D528DA00F81B17 /* instagram1 */ = {
			isa = PBXNativeTarget;
			buildConfigurationList = B69E2FEC22D528DA00F81B17 /* Build configuration list for PBXNativeTarget "instagram1" */;
			buildPhases = (
				B69E2FBC22D528DA00F81B17 /* Sources */,
				B69E2FBD22D528DA00F81B17 /* Frameworks */,
				B69E2FBE22D528DA00F81B17 /* Resources */,
			);
			buildRules = (
			);
			dependencies = (
			);
			name = instagram1;
			productName = instagram1;
			productReference = B69E2FC022D528DA00F81B17 /* instagram1.app */;
			productType = "com.apple.product-type.application";
		};
		B69E2FD722D528DA00F81B17 /* instagram1Tests */ = {
			isa = PBXNativeTarget;
			buildConfigurationList = B69E2FEF22D528DA00F81B17 /* Build configuration list for PBXNativeTarget "instagram1Tests" */;
			buildPhases = (
				B69E2FD422D528DA00F81B17 /* Sources */,
				B69E2FD522D528DA00F81B17 /* Frameworks */,
				B69E2FD622D528DA00F81B17 /* Resources */,
			);
			buildRules = (
			);
			dependencies = (
				B69E2FDA22D528DA00F81B17 /* PBXTargetDependency */,
			);
			name = instagram1Tests;
			productName = instagram1Tests;
			productReference = B69E2FD822D528DA00F81B17 /* instagram1Tests.xctest */;
			productType = "com.apple.product-type.bundle.unit-test";
		};
		B69E2FE222D528DA00F81B17 /* instagram1UITests */ = {
			isa = PBXNativeTarget;
			buildConfigurationList = B69E2FF222D528DA00F81B17 /* Build configuration list for PBXNativeTarget "instagram1UITests" */;
			buildPhases = (
				B69E2FDF22D528DA00F81B17 /* Sources */,
				B69E2FE022D528DA00F81B17 /* Frameworks */,
				B69E2FE122D528DA00F81B17 /* Resources */,
			);
			buildRules = (
			);
			dependencies = (
				B69E2FE522D528DA00F81B17 /* PBXTargetDependency */,
			);
			name = instagram1UITests;
			productName = instagram1UITests;
			productReference = B69E2FE322D528DA00F81B17 /* instagram1UITests.xctest */;
			productType = "com.apple.product-type.bundle.ui-testing";
		};
/* End PBXNativeTarget section */

/* Begin PBXProject section */
		B69E2FB822D528DA00F81B17 /* Project object */ = {
			isa = PBXProject;
			attributes = {
				LastUpgradeCheck = 1020;
				ORGANIZATIONNAME = rgallardo;
				TargetAttributes = {
					B69E2FBF22D528DA00F81B17 = {
						CreatedOnToolsVersion = 10.2.1;
					};
					B69E2FD722D528DA00F81B17 = {
						CreatedOnToolsVersion = 10.2.1;
						TestTargetID = B69E2FBF22D528DA00F81B17;
					};
					B69E2FE222D528DA00F81B17 = {
						CreatedOnToolsVersion = 10.2.1;
						TestTargetID = B69E2FBF22D528DA00F81B17;
					};
				};
			};
			buildConfigurationList = B69E2FBB22D528DA00F81B17 /* Build configuration list for PBXProject "instagram1" */;
			compatibilityVersion = "Xcode 9.3";
			developmentRegion = en;
			hasScannedForEncodings = 0;
			knownRegions = (
				en,
				Base,
			);
			mainGroup = B69E2FB722D528DA00F81B17;
			productRefGroup = B69E2FC122D528DA00F81B17 /* Products */;
			projectDirPath = "";
			projectRoot = "";
			targets = (
				B69E2FBF22D528DA00F81B17 /* instagram1 */,
				B69E2FD722D528DA00F81B17 /* instagram1Tests */,
				B69E2FE222D528DA00F81B17 /* instagram1UITests */,
			);
		};
/* End PBXProject section */

/* Begin PBXResourcesBuildPhase section */
		B69E2FBE22D528DA00F81B17 /* Resources */ = {
			isa = PBXResourcesBuildPhase;
			buildActionMask = 2147483647;
			files = (
				B69E2FD022D528DA00F81B17 /* LaunchScreen.storyboard in Resources */,
				B69E2FCD22D528DA00F81B17 /* Assets.xcassets in Resources */,
				B69E2FCB22D528DA00F81B17 /* Main.storyboard in Resources */,
			);
			runOnlyForDeploymentPostprocessing = 0;
		};
		B69E2FD622D528DA00F81B17 /* Resources */ = {
			isa = PBXResourcesBuildPhase;
			buildActionMask = 2147483647;
			files = (
			);
			runOnlyForDeploymentPostprocessing = 0;
		};
		B69E2FE122D528DA00F81B17 /* Resources */ = {
			isa = PBXResourcesBuildPhase;
			buildActionMask = 2147483647;
			files = (
			);
			runOnlyForDeploymentPostprocessing = 0;
		};
/* End PBXResourcesBuildPhase section */

/* Begin PBXSourcesBuildPhase section */
		B69E2FBC22D528DA00F81B17 /* Sources */ = {
			isa = PBXSourcesBuildPhase;
			buildActionMask = 2147483647;
			files = (
				B69E2FC822D528DA00F81B17 /* ViewController.m in Sources */,
				B69E2FD322D528DA00F81B17 /* main.m in Sources */,
				B69E2FC522D528DA00F81B17 /* AppDelegate.m in Sources */,
			);
			runOnlyForDeploymentPostprocessing = 0;
		};
		B69E2FD422D528DA00F81B17 /* Sources */ = {
			isa = PBXSourcesBuildPhase;
			buildActionMask = 2147483647;
			files = (
				B69E2FDD22D528DA00F81B17 /* instagram1Tests.m in Sources */,
			);
			runOnlyForDeploymentPostprocessing = 0;
		};
		B69E2FDF22D528DA00F81B17 /* Sources */ = {
			isa = PBXSourcesBuildPhase;
			buildActionMask = 2147483647;
			files = (
				B69E2FE822D528DA00F81B17 /* instagram1UITests.m in Sources */,
			);
			runOnlyForDeploymentPostprocessing = 0;
		};
/* End PBXSourcesBuildPhase section */

/* Begin PBXTargetDependency section */
		B69E2FDA22D528DA00F81B17 /* PBXTargetDependency */ = {
			isa = PBXTargetDependency;
			target = B69E2FBF22D528DA00F81B17 /* instagram1 */;
			targetProxy = B69E2FD922D528DA00F81B17 /* PBXContainerItemProxy */;
		};
		B69E2FE522D528DA00F81B17 /* PBXTargetDependency */ = {
			isa = PBXTargetDependency;
			target = B69E2FBF22D528DA00F81B17 /* instagram1 */;
			targetProxy = B69E2FE422D528DA00F81B17 /* PBXContainerItemProxy */;
		};
/* End PBXTargetDependency section */

/* Begin PBXVariantGroup section */
		B69E2FC922D528DA00F81B17 /* Main.storyboard */ = {
			isa = PBXVariantGroup;
			children = (
				B69E2FCA22D528DA00F81B17 /* Base */,
			);
			name = Main.storyboard;
			sourceTree = "<group>";
		};
		B69E2FCE22D528DA00F81B17 /* LaunchScreen.storyboard */ = {
			isa = PBXVariantGroup;
			children = (
				B69E2FCF22D528DA00F81B17 /* Base */,
			);
			name = LaunchScreen.storyboard;
			sourceTree = "<group>";
		};
/* End PBXVariantGroup section */

/* Begin XCBuildConfiguration section */
		B69E2FEA22D528DA00F81B17 /* Debug */ = {
			isa = XCBuildConfiguration;
			buildSettings = {
				ALWAYS_SEARCH_USER_PATHS = NO;
				CLANG_ANALYZER_NONNULL = YES;
				CLANG_ANALYZER_NUMBER_OBJECT_CONVERSION = YES_AGGRESSIVE;
				CLANG_CXX_LANGUAGE_STANDARD = "gnu++14";
				CLANG_CXX_LIBRARY = "libc++";
				CLANG_ENABLE_MODULES = YES;
				CLANG_ENABLE_OBJC_ARC = YES;
				CLANG_ENABLE_OBJC_WEAK = YES;
				CLANG_WARN_BLOCK_CAPTURE_AUTORELEASING = YES;
				CLANG_WARN_BOOL_CONVERSION = YES;
				CLANG_WARN_COMMA = YES;
				CLANG_WARN_CONSTANT_CONVERSION = YES;
				CLANG_WARN_DEPRECATED_OBJC_IMPLEMENTATIONS = YES;
				CLANG_WARN_DIRECT_OBJC_ISA_USAGE = YES_ERROR;
				CLANG_WARN_DOCUMENTATION_COMMENTS = YES;
				CLANG_WARN_EMPTY_BODY = YES;
				CLANG_WARN_ENUM_CONVERSION = YES;
				CLANG_WARN_INFINITE_RECURSION = YES;
				CLANG_WARN_INT_CONVERSION = YES;
				CLANG_WARN_NON_LITERAL_NULL_CONVERSION = YES;
				CLANG_WARN_OBJC_IMPLICIT_RETAIN_SELF = YES;
				CLANG_WARN_OBJC_LITERAL_CONVERSION = YES;
				CLANG_WARN_OBJC_ROOT_CLASS = YES_ERROR;
				CLANG_WARN_RANGE_LOOP_ANALYSIS = YES;
				CLANG_WARN_STRICT_PROTOTYPES = YES;
				CLANG_WARN_SUSPICIOUS_MOVE = YES;
				CLANG_WARN_UNGUARDED_AVAILABILITY = YES_AGGRESSIVE;
				CLANG_WARN_UNREACHABLE_CODE = YES;
				CLANG_WARN__DUPLICATE_METHOD_MATCH = YES;
				CODE_SIGN_IDENTITY = "iPhone Developer";
				COPY_PHASE_STRIP = NO;
				DEBUG_INFORMATION_FORMAT = dwarf;
				ENABLE_STRICT_OBJC_MSGSEND = YES;
				ENABLE_TESTABILITY = YES;
				GCC_C_LANGUAGE_STANDARD = gnu11;
				GCC_DYNAMIC_NO_PIC = NO;
				GCC_NO_COMMON_BLOCKS = YES;
				GCC_OPTIMIZATION_LEVEL = 0;
				GCC_PREPROCESSOR_DEFINITIONS = (
					"DEBUG=1",
					"$(inherited)",
				);
				GCC_WARN_64_TO_32_BIT_CONVERSION = YES;
				GCC_WARN_ABOUT_RETURN_TYPE = YES_ERROR;
				GCC_WARN_UNDECLARED_SELECTOR = YES;
				GCC_WARN_UNINITIALIZED_AUTOS = YES_AGGRESSIVE;
				GCC_WARN_UNUSED_FUNCTION = YES;
				GCC_WARN_UNUSED_VARIABLE = YES;
				IPHONEOS_DEPLOYMENT_TARGET = 12.2;
				MTL_ENABLE_DEBUG_INFO = INCLUDE_SOURCE;
				MTL_FAST_MATH = YES;
				ONLY_ACTIVE_ARCH = YES;
				SDKROOT = iphoneos;
			};
			name = Debug;
		};
		B69E2FEB22D528DA00F81B17 /* Release */ = {
			isa = XCBuildConfiguration;
			buildSettings = {
				ALWAYS_SEARCH_USER_PATHS = NO;
				CLANG_ANALYZER_NONNULL = YES;
				CLANG_ANALYZER_NUMBER_OBJECT_CONVERSION = YES_AGGRESSIVE;
				CLANG_CXX_LANGUAGE_STANDARD = "gnu++14";
				CLANG_CXX_LIBRARY = "libc++";
				CLANG_ENABLE_MODULES = YES;
				CLANG_ENABLE_OBJC_ARC = YES;
				CLANG_ENABLE_OBJC_WEAK = YES;
				CLANG_WARN_BLOCK_CAPTURE_AUTORELEASING = YES;
				CLANG_WARN_BOOL_CONVERSION = YES;
				CLANG_WARN_COMMA = YES;
				CLANG_WARN_CONSTANT_CONVERSION = YES;
				CLANG_WARN_DEPRECATED_OBJC_IMPLEMENTATIONS = YES;
				CLANG_WARN_DIRECT_OBJC_ISA_USAGE = YES_ERROR;
				CLANG_WARN_DOCUMENTATION_COMMENTS = YES;
				CLANG_WARN_EMPTY_BODY = YES;
				CLANG_WARN_ENUM_CONVERSION = YES;
				CLANG_WARN_INFINITE_RECURSION = YES;
				CLANG_WARN_INT_CONVERSION = YES;
				CLANG_WARN_NON_LITERAL_NULL_CONVERSION = YES;
				CLANG_WARN_OBJC_IMPLICIT_RETAIN_SELF = YES;
				CLANG_WARN_OBJC_LITERAL_CONVERSION = YES;
				CLANG_WARN_OBJC_ROOT_CLASS = YES_ERROR;
				CLANG_WARN_RANGE_LOOP_ANALYSIS = YES;
				CLANG_WARN_STRICT_PROTOTYPES = YES;
				CLANG_WARN_SUSPICIOUS_MOVE = YES;
				CLANG_WARN_UNGUARDED_AVAILABILITY = YES_AGGRESSIVE;
				CLANG_WARN_UNREACHABLE_CODE = YES;
				CLANG_WARN__DUPLICATE_METHOD_MATCH = YES;
				CODE_SIGN_IDENTITY = "iPhone Developer";
				COPY_PHASE_STRIP = NO;
				DEBUG_INFORMATION_FORMAT = "dwarf-with-dsym";
				ENABLE_NS_ASSERTIONS = NO;
				ENABLE_STRICT_OBJC_MSGSEND = YES;
				GCC_C_LANGUAGE_STANDARD = gnu11;
				GCC_NO_COMMON_BLOCKS = YES;
				GCC_WARN_64_TO_32_BIT_CONVERSION = YES;
				GCC_WARN_ABOUT_RETURN_TYPE = YES_ERROR;
				GCC_WARN_UNDECLARED_SELECTOR = YES;
				GCC_WARN_UNINITIALIZED_AUTOS = YES_AGGRESSIVE;
				GCC_WARN_UNUSED_FUNCTION = YES;
				GCC_WARN_UNUSED_VARIABLE = YES;
				IPHONEOS_DEPLOYMENT_TARGET = 12.2;
				MTL_ENABLE_DEBUG_INFO = NO;
				MTL_FAST_MATH = YES;
				SDKROOT = iphoneos;
				VALIDATE_PRODUCT = YES;
			};
			name = Release;
		};
		B69E2FED22D528DA00F81B17 /* Debug */ = {
			isa = XCBuildConfiguration;
			buildSettings = {
				ASSETCATALOG_COMPILER_APPICON_NAME = AppIcon;
				CODE_SIGN_STYLE = Automatic;
				DEVELOPMENT_TEAM = X7H39TKG3W;
				INFOPLIST_FILE = instagram1/Info.plist;
				LD_RUNPATH_SEARCH_PATHS = (
					"$(inherited)",
					"@executable_path/Frameworks",
				);
				PRODUCT_BUNDLE_IDENTIFIER = com.rgallardo.instagram1;
				PRODUCT_NAME = "$(TARGET_NAME)";
				TARGETED_DEVICE_FAMILY = "1,2";
			};
			name = Debug;
		};
		B69E2FEE22D528DA00F81B17 /* Release */ = {
			isa = XCBuildConfiguration;
			buildSettings = {
				ASSETCATALOG_COMPILER_APPICON_NAME = AppIcon;
				CODE_SIGN_STYLE = Automatic;
				DEVELOPMENT_TEAM = X7H39TKG3W;
				INFOPLIST_FILE = instagram1/Info.plist;
				LD_RUNPATH_SEARCH_PATHS = (
					"$(inherited)",
					"@executable_path/Frameworks",
				);
				PRODUCT_BUNDLE_IDENTIFIER = com.rgallardo.instagram1;
				PRODUCT_NAME = "$(TARGET_NAME)";
				TARGETED_DEVICE_FAMILY = "1,2";
			};
			name = Release;
		};
		B69E2FF022D528DA00F81B17 /* Debug */ = {
			isa = XCBuildConfiguration;
			buildSettings = {
				BUNDLE_LOADER = "$(TEST_HOST)";
				CODE_SIGN_STYLE = Automatic;
				DEVELOPMENT_TEAM = X7H39TKG3W;
				INFOPLIST_FILE = instagram1Tests/Info.plist;
				LD_RUNPATH_SEARCH_PATHS = (
					"$(inherited)",
					"@executable_path/Frameworks",
					"@loader_path/Frameworks",
				);
				PRODUCT_BUNDLE_IDENTIFIER = com.rgallardo.instagram1Tests;
				PRODUCT_NAME = "$(TARGET_NAME)";
				TARGETED_DEVICE_FAMILY = "1,2";
				TEST_HOST = "$(BUILT_PRODUCTS_DIR)/instagram1.app/instagram1";
			};
			name = Debug;
		};
		B69E2FF122D528DA00F81B17 /* Release */ = {
			isa = XCBuildConfiguration;
			buildSettings = {
				BUNDLE_LOADER = "$(TEST_HOST)";
				CODE_SIGN_STYLE = Automatic;
				DEVELOPMENT_TEAM = X7H39TKG3W;
				INFOPLIST_FILE = instagram1Tests/Info.plist;
				LD_RUNPATH_SEARCH_PATHS = (
					"$(inherited)",
					"@executable_path/Frameworks",
					"@loader_path/Frameworks",
				);
				PRODUCT_BUNDLE_IDENTIFIER = com.rgallardo.instagram1Tests;
				PRODUCT_NAME = "$(TARGET_NAME)";
				TARGETED_DEVICE_FAMILY = "1,2";
				TEST_HOST = "$(BUILT_PRODUCTS_DIR)/instagram1.app/instagram1";
			};
			name = Release;
		};
		B69E2FF322D528DA00F81B17 /* Debug */ = {
			isa = XCBuildConfiguration;
			buildSettings = {
				CODE_SIGN_STYLE = Automatic;
				DEVELOPMENT_TEAM = X7H39TKG3W;
				INFOPLIST_FILE = instagram1UITests/Info.plist;
				LD_RUNPATH_SEARCH_PATHS = (
					"$(inherited)",
					"@executable_path/Frameworks",
					"@loader_path/Frameworks",
				);
				PRODUCT_BUNDLE_IDENTIFIER = com.rgallardo.instagram1UITests;
				PRODUCT_NAME = "$(TARGET_NAME)";
				TARGETED_DEVICE_FAMILY = "1,2";
				TEST_TARGET_NAME = instagram1;
			};
			name = Debug;
		};
		B69E2FF422D528DA00F81B17 /* Release */ = {
			isa = XCBuildConfiguration;
			buildSettings = {
				CODE_SIGN_STYLE = Automatic;
				DEVELOPMENT_TEAM = X7H39TKG3W;
				INFOPLIST_FILE = instagram1UITests/Info.plist;
				LD_RUNPATH_SEARCH_PATHS = (
					"$(inherited)",
					"@executable_path/Frameworks",
					"@loader_path/Frameworks",
				);
				PRODUCT_BUNDLE_IDENTIFIER = com.rgallardo.instagram1UITests;
				PRODUCT_NAME = "$(TARGET_NAME)";
				TARGETED_DEVICE_FAMILY = "1,2";
				TEST_TARGET_NAME = instagram1;
			};
			name = Release;
		};
/* End XCBuildConfiguration section */

/* Begin XCConfigurationList section */
		B69E2FBB22D528DA00F81B17 /* Build configuration list for PBXProject "instagram1" */ = {
			isa = XCConfigurationList;
			buildConfigurations = (
				B69E2FEA22D528DA00F81B17 /* Debug */,
				B69E2FEB22D528DA00F81B17 /* Release */,
			);
			defaultConfigurationIsVisible = 0;
			defaultConfigurationName = Release;
		};
		B69E2FEC22D528DA00F81B17 /* Build configuration list for PBXNativeTarget "instagram1" */ = {
			isa = XCConfigurationList;
			buildConfigurations = (
				B69E2FED22D528DA00F81B17 /* Debug */,
				B69E2FEE22D528DA00F81B17 /* Release */,
			);
			defaultConfigurationIsVisible = 0;
			defaultConfigurationName = Release;
		};
		B69E2FEF22D528DA00F81B17 /* Build configuration list for PBXNativeTarget "instagram1Tests" */ = {
			isa = XCConfigurationList;
			buildConfigurations = (
				B69E2FF022D528DA00F81B17 /* Debug */,
				B69E2FF122D528DA00F81B17 /* Release */,
			);
			defaultConfigurationIsVisible = 0;
			defaultConfigurationName = Release;
		};
		B69E2FF222D528DA00F81B17 /* Build configuration list for PBXNativeTarget "instagram1UITests" */ = {
			isa = XCConfigurationList;
			buildConfigurations = (
				B69E2FF322D528DA00F81B17 /* Debug */,
				B69E2FF422D528DA00F81B17 /* Release */,
			);
			defaultConfigurationIsVisible = 0;
			defaultConfigurationName = Release;
		};
/* End XCConfigurationList section */
	};
	rootObject = B69E2FB822D528DA00F81B17 /* Project object */;
}
